
Microsoft Visual Studio Solution File, Format Version 12.00
# Visual Studio Version 17
VisualStudioVersion = 17.11.35222.181
MinimumVisualStudioVersion = 10.0.40219.1
Project("{FAE04EC0-301F-11D3-BF4B-00C04F79EFBC}") = "meg melegebb_telepulesek", "meg melegebb_telepulesek.csproj", "{72290507-62F0-4D96-9CFA-CD60FBD90ACC}"
EndProject
Global
	GlobalSection(SolutionConfigurationPlatforms) = preSolution
		Debug|Any CPU = Debug|Any CPU
		Release|Any CPU = Release|Any CPU
	EndGlobalSection
	GlobalSection(ProjectConfigurationPlatforms) = postSolution
		{72290507-62F0-4D96-9CFA-CD60FBD90ACC}.Debug|Any CPU.ActiveCfg = Debug|Any CPU
		{72290507-62F0-4D96-9CFA-CD60FBD90ACC}.Debug|Any CPU.Build.0 = Debug|Any CPU
		{72290507-62F0-4D96-9CFA-CD60FBD90ACC}.Release|Any CPU.ActiveCfg = Release|Any CPU
		{72290507-62F0-4D96-9CFA-CD60FBD90ACC}.Release|Any CPU.Build.0 = Release|Any CPU
	EndGlobalSection
	GlobalSection(SolutionProperties) = preSolution
		HideSolutionNode = FALSE
	EndGlobalSection
	GlobalSection(ExtensibilityGlobals) = postSolution
		SolutionGuid = {5BB02B28-FCB5-475A-AFB2-2E14CB387792}
	EndGlobalSection
EndGlobal
