
Microsoft Visual Studio Solution File, Format Version 12.00
# Visual Studio Version 17
VisualStudioVersion = 17.10.35122.118
MinimumVisualStudioVersion = 10.0.40219.1
Project("{FAE04EC0-301F-11D3-BF4B-00C04F79EFBC}") = "megszamolas", "megszamolas.csproj", "{B7B9EBFA-98F2-4D06-9AA0-1D05146D34B5}"
EndProject
Global
	GlobalSection(SolutionConfigurationPlatforms) = preSolution
		Debug|Any CPU = Debug|Any CPU
		Release|Any CPU = Release|Any CPU
	EndGlobalSection
	GlobalSection(ProjectConfigurationPlatforms) = postSolution
		{B7B9EBFA-98F2-4D06-9AA0-1D05146D34B5}.Debug|Any CPU.ActiveCfg = Debug|Any CPU
		{B7B9EBFA-98F2-4D06-9AA0-1D05146D34B5}.Debug|Any CPU.Build.0 = Debug|Any CPU
		{B7B9EBFA-98F2-4D06-9AA0-1D05146D34B5}.Release|Any CPU.ActiveCfg = Release|Any CPU
		{B7B9EBFA-98F2-4D06-9AA0-1D05146D34B5}.Release|Any CPU.Build.0 = Release|Any CPU
	EndGlobalSection
	GlobalSection(SolutionProperties) = preSolution
		HideSolutionNode = FALSE
	EndGlobalSection
	GlobalSection(ExtensibilityGlobals) = postSolution
		SolutionGuid = {D455CFEC-B781-4512-A8C7-FA718897E0C5}
	EndGlobalSection
EndGlobal
