
Microsoft Visual Studio Solution File, Format Version 12.00
# Visual Studio Version 16
VisualStudioVersion = 16.0.31613.86
MinimumVisualStudioVersion = 10.0.40219.1
Project("{FAE04EC0-301F-11D3-BF4B-00C04F79EFBC}") = "gyumulcsok", "gyumulcsok.csproj", "{03E4F1D0-B4C8-4166-BC90-2C6EF0BC9B9A}"
EndProject
Global
	GlobalSection(SolutionConfigurationPlatforms) = preSolution
		Debug|Any CPU = Debug|Any CPU
		Release|Any CPU = Release|Any CPU
	EndGlobalSection
	GlobalSection(ProjectConfigurationPlatforms) = postSolution
		{03E4F1D0-B4C8-4166-BC90-2C6EF0BC9B9A}.Debug|Any CPU.ActiveCfg = Debug|Any CPU
		{03E4F1D0-B4C8-4166-BC90-2C6EF0BC9B9A}.Debug|Any CPU.Build.0 = Debug|Any CPU
		{03E4F1D0-B4C8-4166-BC90-2C6EF0BC9B9A}.Release|Any CPU.ActiveCfg = Release|Any CPU
		{03E4F1D0-B4C8-4166-BC90-2C6EF0BC9B9A}.Release|Any CPU.Build.0 = Release|Any CPU
	EndGlobalSection
	GlobalSection(SolutionProperties) = preSolution
		HideSolutionNode = FALSE
	EndGlobalSection
	GlobalSection(ExtensibilityGlobals) = postSolution
		SolutionGuid = {5EA161F3-E642-4372-B40B-5682743D66B3}
	EndGlobalSection
EndGlobal
