
Microsoft Visual Studio Solution File, Format Version 12.00
# Visual Studio Version 17
VisualStudioVersion = 17.11.35222.181
MinimumVisualStudioVersion = 10.0.40219.1
Project("{FAE04EC0-301F-11D3-BF4B-00C04F79EFBC}") = "termekek", "termekek.csproj", "{13EC3FFB-39B5-422A-B63F-16BB3B4E56C1}"
EndProject
Global
	GlobalSection(SolutionConfigurationPlatforms) = preSolution
		Debug|Any CPU = Debug|Any CPU
		Release|Any CPU = Release|Any CPU
	EndGlobalSection
	GlobalSection(ProjectConfigurationPlatforms) = postSolution
		{13EC3FFB-39B5-422A-B63F-16BB3B4E56C1}.Debug|Any CPU.ActiveCfg = Debug|Any CPU
		{13EC3FFB-39B5-422A-B63F-16BB3B4E56C1}.Debug|Any CPU.Build.0 = Debug|Any CPU
		{13EC3FFB-39B5-422A-B63F-16BB3B4E56C1}.Release|Any CPU.ActiveCfg = Release|Any CPU
		{13EC3FFB-39B5-422A-B63F-16BB3B4E56C1}.Release|Any CPU.Build.0 = Release|Any CPU
	EndGlobalSection
	GlobalSection(SolutionProperties) = preSolution
		HideSolutionNode = FALSE
	EndGlobalSection
	GlobalSection(ExtensibilityGlobals) = postSolution
		SolutionGuid = {1A137370-EA79-471E-975C-EB49B34FAF86}
	EndGlobalSection
EndGlobal
