
Microsoft Visual Studio Solution File, Format Version 12.00
# Visual Studio Version 17
VisualStudioVersion = 17.11.35222.181
MinimumVisualStudioVersion = 10.0.40219.1
Project("{FAE04EC0-301F-11D3-BF4B-00C04F79EFBC}") = "kocka", "kocka.csproj", "{D91B8961-C585-41B6-AF68-EC7A16B57270}"
EndProject
Global
	GlobalSection(SolutionConfigurationPlatforms) = preSolution
		Debug|Any CPU = Debug|Any CPU
		Release|Any CPU = Release|Any CPU
	EndGlobalSection
	GlobalSection(ProjectConfigurationPlatforms) = postSolution
		{D91B8961-C585-41B6-AF68-EC7A16B57270}.Debug|Any CPU.ActiveCfg = Debug|Any CPU
		{D91B8961-C585-41B6-AF68-EC7A16B57270}.Debug|Any CPU.Build.0 = Debug|Any CPU
		{D91B8961-C585-41B6-AF68-EC7A16B57270}.Release|Any CPU.ActiveCfg = Release|Any CPU
		{D91B8961-C585-41B6-AF68-EC7A16B57270}.Release|Any CPU.Build.0 = Release|Any CPU
	EndGlobalSection
	GlobalSection(SolutionProperties) = preSolution
		HideSolutionNode = FALSE
	EndGlobalSection
	GlobalSection(ExtensibilityGlobals) = postSolution
		SolutionGuid = {9C41BEA1-14DA-4FB7-B6A9-A27E32F2E0C4}
	EndGlobalSection
EndGlobal
