
Microsoft Visual Studio Solution File, Format Version 12.00
# Visual Studio Version 17
VisualStudioVersion = 17.11.35222.181
MinimumVisualStudioVersion = 10.0.40219.1
Project("{FAE04EC0-301F-11D3-BF4B-00C04F79EFBC}") = "atlagmelegebb_telepulesek", "atlagmelegebb_telepulesek.csproj", "{94DD95FE-E294-4BBA-AE41-F5077DF81810}"
EndProject
Global
	GlobalSection(SolutionConfigurationPlatforms) = preSolution
		Debug|Any CPU = Debug|Any CPU
		Release|Any CPU = Release|Any CPU
	EndGlobalSection
	GlobalSection(ProjectConfigurationPlatforms) = postSolution
		{94DD95FE-E294-4BBA-AE41-F5077DF81810}.Debug|Any CPU.ActiveCfg = Debug|Any CPU
		{94DD95FE-E294-4BBA-AE41-F5077DF81810}.Debug|Any CPU.Build.0 = Debug|Any CPU
		{94DD95FE-E294-4BBA-AE41-F5077DF81810}.Release|Any CPU.ActiveCfg = Release|Any CPU
		{94DD95FE-E294-4BBA-AE41-F5077DF81810}.Release|Any CPU.Build.0 = Release|Any CPU
	EndGlobalSection
	GlobalSection(SolutionProperties) = preSolution
		HideSolutionNode = FALSE
	EndGlobalSection
	GlobalSection(ExtensibilityGlobals) = postSolution
		SolutionGuid = {9022EB7C-150E-470B-BB5D-1B2EE28A81B1}
	EndGlobalSection
EndGlobal
