
Microsoft Visual Studio Solution File, Format Version 12.00
# Visual Studio Version 17
VisualStudioVersion = 17.11.35222.181
MinimumVisualStudioVersion = 10.0.40219.1
Project("{FAE04EC0-301F-11D3-BF4B-00C04F79EFBC}") = "Telefon", "Telefon.csproj", "{F05F621E-4C30-4E31-8008-CC04F5E05EC4}"
EndProject
Global
	GlobalSection(SolutionConfigurationPlatforms) = preSolution
		Debug|Any CPU = Debug|Any CPU
		Release|Any CPU = Release|Any CPU
	EndGlobalSection
	GlobalSection(ProjectConfigurationPlatforms) = postSolution
		{F05F621E-4C30-4E31-8008-CC04F5E05EC4}.Debug|Any CPU.ActiveCfg = Debug|Any CPU
		{F05F621E-4C30-4E31-8008-CC04F5E05EC4}.Debug|Any CPU.Build.0 = Debug|Any CPU
		{F05F621E-4C30-4E31-8008-CC04F5E05EC4}.Release|Any CPU.ActiveCfg = Release|Any CPU
		{F05F621E-4C30-4E31-8008-CC04F5E05EC4}.Release|Any CPU.Build.0 = Release|Any CPU
	EndGlobalSection
	GlobalSection(SolutionProperties) = preSolution
		HideSolutionNode = FALSE
	EndGlobalSection
	GlobalSection(ExtensibilityGlobals) = postSolution
		SolutionGuid = {B4C7AF87-397A-42E8-9DCA-8A06FABECE05}
	EndGlobalSection
EndGlobal
