
Microsoft Visual Studio Solution File, Format Version 12.00
# Visual Studio Version 17
VisualStudioVersion = 17.11.35222.181
MinimumVisualStudioVersion = 10.0.40219.1
Project("{FAE04EC0-301F-11D3-BF4B-00C04F79EFBC}") = "mestereshazi", "mestereshazi.csproj", "{983E642E-7CC3-4E41-BD19-5A4BC394647A}"
EndProject
Global
	GlobalSection(SolutionConfigurationPlatforms) = preSolution
		Debug|Any CPU = Debug|Any CPU
		Release|Any CPU = Release|Any CPU
	EndGlobalSection
	GlobalSection(ProjectConfigurationPlatforms) = postSolution
		{983E642E-7CC3-4E41-BD19-5A4BC394647A}.Debug|Any CPU.ActiveCfg = Debug|Any CPU
		{983E642E-7CC3-4E41-BD19-5A4BC394647A}.Debug|Any CPU.Build.0 = Debug|Any CPU
		{983E642E-7CC3-4E41-BD19-5A4BC394647A}.Release|Any CPU.ActiveCfg = Release|Any CPU
		{983E642E-7CC3-4E41-BD19-5A4BC394647A}.Release|Any CPU.Build.0 = Release|Any CPU
	EndGlobalSection
	GlobalSection(SolutionProperties) = preSolution
		HideSolutionNode = FALSE
	EndGlobalSection
	GlobalSection(ExtensibilityGlobals) = postSolution
		SolutionGuid = {B2863EDA-EEB8-450E-9FC2-64FC7804E1F8}
	EndGlobalSection
EndGlobal
